
Microsoft Visual Studio Solution File, Format Version 12.00
# Visual Studio Version 17
VisualStudioVersion = 17.5.33530.505
MinimumVisualStudioVersion = 10.0.40219.1
Project("{FAE04EC0-301F-11D3-BF4B-00C04F79EFBC}") = "LojaDeTurismoAPI", "LojaDeTurismoAPI\LojaDeTurismoAPI.csproj", "{35B6D907-9677-4BE2-8B34-9F177CA20442}"
EndProject
Global
	GlobalSection(SolutionConfigurationPlatforms) = preSolution
		Debug|Any CPU = Debug|Any CPU
		Release|Any CPU = Release|Any CPU
	EndGlobalSection
	GlobalSection(ProjectConfigurationPlatforms) = postSolution
		{35B6D907-9677-4BE2-8B34-9F177CA20442}.Debug|Any CPU.ActiveCfg = Debug|Any CPU
		{35B6D907-9677-4BE2-8B34-9F177CA20442}.Debug|Any CPU.Build.0 = Debug|Any CPU
		{35B6D907-9677-4BE2-8B34-9F177CA20442}.Release|Any CPU.ActiveCfg = Release|Any CPU
		{35B6D907-9677-4BE2-8B34-9F177CA20442}.Release|Any CPU.Build.0 = Release|Any CPU
	EndGlobalSection
	GlobalSection(SolutionProperties) = preSolution
		HideSolutionNode = FALSE
	EndGlobalSection
	GlobalSection(ExtensibilityGlobals) = postSolution
		SolutionGuid = {627AD8A7-A2C4-4E86-A46D-BC92BBAC7C3E}
	EndGlobalSection
EndGlobal
